
Microsoft Visual Studio Solution File, Format Version 12.00
# Visual Studio Version 17
VisualStudioVersion = 17.5.002.0
MinimumVisualStudioVersion = 10.0.40219.1
Project("{2150E333-8FDC-42A3-9474-1A3956D46DE8}") = "week01", "week01", "{FC483704-9D4F-401E-9F80-FDC7336AFA51}"
EndProject
Project("{9A19103F-16F7-4668-BE54-9A1E7A4F7556}") = "code", "week01\code\code.csproj", "{4F8AF505-DB0B-4CAC-A7A1-5754BAB5768F}"
EndProject
Project("{9A19103F-16F7-4668-BE54-9A1E7A4F7556}") = "analyze", "week01\analyze\analyze.csproj", "{19A70F7A-B678-4DA3-BD7E-303B47C41F9F}"
EndProject
Project("{9A19103F-16F7-4668-BE54-9A1E7A4F7556}") = "teach", "week01\teach\teach.csproj", "{441B0D2E-E8EB-4904-A5A8-02898A3BAB46}"
EndProject
Project("{2150E333-8FDC-42A3-9474-1A3956D46DE8}") = "week06", "week06", "{1884948D-8301-42F2-9853-7CFED6F43D0D}"
EndProject
Project("{9A19103F-16F7-4668-BE54-9A1E7A4F7556}") = "code", "week06\code\code.csproj", "{F96D0DDD-1219-4E9E-8458-CF4995993B08}"
EndProject
Project("{2150E333-8FDC-42A3-9474-1A3956D46DE8}") = "sandbox", "sandbox", "{07F6FA7F-AA39-4EDB-8807-F59EEE69EBD8}"
EndProject
Project("{9A19103F-16F7-4668-BE54-9A1E7A4F7556}") = "sandbox_project", "sandbox\sandbox_project\sandbox_project.csproj", "{219EC29C-E7A5-418E-A4BF-5BFD3B6BC89E}"
EndProject
Project("{2150E333-8FDC-42A3-9474-1A3956D46DE8}") = "week05", "week05", "{3161F7AA-A2BD-4E32-ADF6-F68338FDBC08}"
EndProject
Project("{9A19103F-16F7-4668-BE54-9A1E7A4F7556}") = "code", "week05\code\code.csproj", "{BBD36C3B-9D15-4CD6-B769-4DA2E3A51DF8}"
EndProject
Project("{2150E333-8FDC-42A3-9474-1A3956D46DE8}") = "week02", "week02", "{23010D0A-E191-4D3F-942A-A07D13A28A74}"
EndProject
Project("{9A19103F-16F7-4668-BE54-9A1E7A4F7556}") = "learn", "week02\learn\learn.csproj", "{81B78567-7A8A-4A93-A1BD-E7F47A91FF81}"
EndProject
Project("{9A19103F-16F7-4668-BE54-9A1E7A4F7556}") = "code", "week02\code\code.csproj", "{C8904AB9-A914-48A3-936C-E6B2097D7A19}"
EndProject
Project("{9A19103F-16F7-4668-BE54-9A1E7A4F7556}") = "analyze", "week02\analyze\analyze.csproj", "{500C8C58-F28D-4E2A-A9D3-E32DC52BDE6F}"
EndProject
Project("{9A19103F-16F7-4668-BE54-9A1E7A4F7556}") = "teach", "week02\teach\teach.csproj", "{5B9FCFA3-A297-49C5-805A-64798206796B}"
EndProject
Project("{2150E333-8FDC-42A3-9474-1A3956D46DE8}") = "week03", "week03", "{6EC8C996-87DA-4A8F-A711-CA247CED8C90}"
EndProject
Project("{9A19103F-16F7-4668-BE54-9A1E7A4F7556}") = "learn", "week03\learn\learn.csproj", "{22412FA1-BC68-42C6-A0A5-485D28762FE9}"
EndProject
Project("{9A19103F-16F7-4668-BE54-9A1E7A4F7556}") = "code", "week03\code\code.csproj", "{5D00CD58-AC6E-4ED7-B455-62771D35937F}"
EndProject
Project("{9A19103F-16F7-4668-BE54-9A1E7A4F7556}") = "teach", "week03\teach\teach.csproj", "{0174AD10-B8AE-4C61-A920-C0DA21263AED}"
EndProject
Project("{2150E333-8FDC-42A3-9474-1A3956D46DE8}") = "week04", "week04", "{6F9FE23E-BCF1-4A68-94DC-F6A5BCBEA550}"
EndProject
Project("{9A19103F-16F7-4668-BE54-9A1E7A4F7556}") = "code", "week04\code\code.csproj", "{F1AEE8D1-6D69-40AE-8A43-5CB52519BF35}"
EndProject
Global
	GlobalSection(SolutionConfigurationPlatforms) = preSolution
		Debug|Any CPU = Debug|Any CPU
		Release|Any CPU = Release|Any CPU
	EndGlobalSection
	GlobalSection(ProjectConfigurationPlatforms) = postSolution
		{4F8AF505-DB0B-4CAC-A7A1-5754BAB5768F}.Debug|Any CPU.ActiveCfg = Debug|Any CPU
		{4F8AF505-DB0B-4CAC-A7A1-5754BAB5768F}.Debug|Any CPU.Build.0 = Debug|Any CPU
		{4F8AF505-DB0B-4CAC-A7A1-5754BAB5768F}.Release|Any CPU.ActiveCfg = Release|Any CPU
		{4F8AF505-DB0B-4CAC-A7A1-5754BAB5768F}.Release|Any CPU.Build.0 = Release|Any CPU
		{19A70F7A-B678-4DA3-BD7E-303B47C41F9F}.Debug|Any CPU.ActiveCfg = Debug|Any CPU
		{19A70F7A-B678-4DA3-BD7E-303B47C41F9F}.Debug|Any CPU.Build.0 = Debug|Any CPU
		{19A70F7A-B678-4DA3-BD7E-303B47C41F9F}.Release|Any CPU.ActiveCfg = Release|Any CPU
		{19A70F7A-B678-4DA3-BD7E-303B47C41F9F}.Release|Any CPU.Build.0 = Release|Any CPU
		{441B0D2E-E8EB-4904-A5A8-02898A3BAB46}.Debug|Any CPU.ActiveCfg = Debug|Any CPU
		{441B0D2E-E8EB-4904-A5A8-02898A3BAB46}.Debug|Any CPU.Build.0 = Debug|Any CPU
		{441B0D2E-E8EB-4904-A5A8-02898A3BAB46}.Release|Any CPU.ActiveCfg = Release|Any CPU
		{441B0D2E-E8EB-4904-A5A8-02898A3BAB46}.Release|Any CPU.Build.0 = Release|Any CPU
		{F96D0DDD-1219-4E9E-8458-CF4995993B08}.Debug|Any CPU.ActiveCfg = Debug|Any CPU
		{F96D0DDD-1219-4E9E-8458-CF4995993B08}.Debug|Any CPU.Build.0 = Debug|Any CPU
		{F96D0DDD-1219-4E9E-8458-CF4995993B08}.Release|Any CPU.ActiveCfg = Release|Any CPU
		{F96D0DDD-1219-4E9E-8458-CF4995993B08}.Release|Any CPU.Build.0 = Release|Any CPU
		{219EC29C-E7A5-418E-A4BF-5BFD3B6BC89E}.Debug|Any CPU.ActiveCfg = Debug|Any CPU
		{219EC29C-E7A5-418E-A4BF-5BFD3B6BC89E}.Debug|Any CPU.Build.0 = Debug|Any CPU
		{219EC29C-E7A5-418E-A4BF-5BFD3B6BC89E}.Release|Any CPU.ActiveCfg = Release|Any CPU
		{219EC29C-E7A5-418E-A4BF-5BFD3B6BC89E}.Release|Any CPU.Build.0 = Release|Any CPU
		{BBD36C3B-9D15-4CD6-B769-4DA2E3A51DF8}.Debug|Any CPU.ActiveCfg = Debug|Any CPU
		{BBD36C3B-9D15-4CD6-B769-4DA2E3A51DF8}.Debug|Any CPU.Build.0 = Debug|Any CPU
		{BBD36C3B-9D15-4CD6-B769-4DA2E3A51DF8}.Release|Any CPU.ActiveCfg = Release|Any CPU
		{BBD36C3B-9D15-4CD6-B769-4DA2E3A51DF8}.Release|Any CPU.Build.0 = Release|Any CPU
		{81B78567-7A8A-4A93-A1BD-E7F47A91FF81}.Debug|Any CPU.ActiveCfg = Debug|Any CPU
		{81B78567-7A8A-4A93-A1BD-E7F47A91FF81}.Debug|Any CPU.Build.0 = Debug|Any CPU
		{81B78567-7A8A-4A93-A1BD-E7F47A91FF81}.Release|Any CPU.ActiveCfg = Release|Any CPU
		{81B78567-7A8A-4A93-A1BD-E7F47A91FF81}.Release|Any CPU.Build.0 = Release|Any CPU
		{C8904AB9-A914-48A3-936C-E6B2097D7A19}.Debug|Any CPU.ActiveCfg = Debug|Any CPU
		{C8904AB9-A914-48A3-936C-E6B2097D7A19}.Debug|Any CPU.Build.0 = Debug|Any CPU
		{C8904AB9-A914-48A3-936C-E6B2097D7A19}.Release|Any CPU.ActiveCfg = Release|Any CPU
		{C8904AB9-A914-48A3-936C-E6B2097D7A19}.Release|Any CPU.Build.0 = Release|Any CPU
		{500C8C58-F28D-4E2A-A9D3-E32DC52BDE6F}.Debug|Any CPU.ActiveCfg = Debug|Any CPU
		{500C8C58-F28D-4E2A-A9D3-E32DC52BDE6F}.Debug|Any CPU.Build.0 = Debug|Any CPU
		{500C8C58-F28D-4E2A-A9D3-E32DC52BDE6F}.Release|Any CPU.ActiveCfg = Release|Any CPU
		{500C8C58-F28D-4E2A-A9D3-E32DC52BDE6F}.Release|Any CPU.Build.0 = Release|Any CPU
		{5B9FCFA3-A297-49C5-805A-64798206796B}.Debug|Any CPU.ActiveCfg = Debug|Any CPU
		{5B9FCFA3-A297-49C5-805A-64798206796B}.Debug|Any CPU.Build.0 = Debug|Any CPU
		{5B9FCFA3-A297-49C5-805A-64798206796B}.Release|Any CPU.ActiveCfg = Release|Any CPU
		{5B9FCFA3-A297-49C5-805A-64798206796B}.Release|Any CPU.Build.0 = Release|Any CPU
		{22412FA1-BC68-42C6-A0A5-485D28762FE9}.Debug|Any CPU.ActiveCfg = Debug|Any CPU
		{22412FA1-BC68-42C6-A0A5-485D28762FE9}.Debug|Any CPU.Build.0 = Debug|Any CPU
		{22412FA1-BC68-42C6-A0A5-485D28762FE9}.Release|Any CPU.ActiveCfg = Release|Any CPU
		{22412FA1-BC68-42C6-A0A5-485D28762FE9}.Release|Any CPU.Build.0 = Release|Any CPU
		{5D00CD58-AC6E-4ED7-B455-62771D35937F}.Debug|Any CPU.ActiveCfg = Debug|Any CPU
		{5D00CD58-AC6E-4ED7-B455-62771D35937F}.Debug|Any CPU.Build.0 = Debug|Any CPU
		{5D00CD58-AC6E-4ED7-B455-62771D35937F}.Release|Any CPU.ActiveCfg = Release|Any CPU
		{5D00CD58-AC6E-4ED7-B455-62771D35937F}.Release|Any CPU.Build.0 = Release|Any CPU
		{0174AD10-B8AE-4C61-A920-C0DA21263AED}.Debug|Any CPU.ActiveCfg = Debug|Any CPU
		{0174AD10-B8AE-4C61-A920-C0DA21263AED}.Debug|Any CPU.Build.0 = Debug|Any CPU
		{0174AD10-B8AE-4C61-A920-C0DA21263AED}.Release|Any CPU.ActiveCfg = Release|Any CPU
		{0174AD10-B8AE-4C61-A920-C0DA21263AED}.Release|Any CPU.Build.0 = Release|Any CPU
		{F1AEE8D1-6D69-40AE-8A43-5CB52519BF35}.Debug|Any CPU.ActiveCfg = Debug|Any CPU
		{F1AEE8D1-6D69-40AE-8A43-5CB52519BF35}.Debug|Any CPU.Build.0 = Debug|Any CPU
		{F1AEE8D1-6D69-40AE-8A43-5CB52519BF35}.Release|Any CPU.ActiveCfg = Release|Any CPU
		{F1AEE8D1-6D69-40AE-8A43-5CB52519BF35}.Release|Any CPU.Build.0 = Release|Any CPU
	EndGlobalSection
	GlobalSection(SolutionProperties) = preSolution
		HideSolutionNode = FALSE
	EndGlobalSection
	GlobalSection(NestedProjects) = preSolution
		{4F8AF505-DB0B-4CAC-A7A1-5754BAB5768F} = {FC483704-9D4F-401E-9F80-FDC7336AFA51}
		{19A70F7A-B678-4DA3-BD7E-303B47C41F9F} = {FC483704-9D4F-401E-9F80-FDC7336AFA51}
		{441B0D2E-E8EB-4904-A5A8-02898A3BAB46} = {FC483704-9D4F-401E-9F80-FDC7336AFA51}
		{F96D0DDD-1219-4E9E-8458-CF4995993B08} = {1884948D-8301-42F2-9853-7CFED6F43D0D}
		{219EC29C-E7A5-418E-A4BF-5BFD3B6BC89E} = {07F6FA7F-AA39-4EDB-8807-F59EEE69EBD8}
		{BBD36C3B-9D15-4CD6-B769-4DA2E3A51DF8} = {3161F7AA-A2BD-4E32-ADF6-F68338FDBC08}
		{81B78567-7A8A-4A93-A1BD-E7F47A91FF81} = {23010D0A-E191-4D3F-942A-A07D13A28A74}
		{C8904AB9-A914-48A3-936C-E6B2097D7A19} = {23010D0A-E191-4D3F-942A-A07D13A28A74}
		{500C8C58-F28D-4E2A-A9D3-E32DC52BDE6F} = {23010D0A-E191-4D3F-942A-A07D13A28A74}
		{5B9FCFA3-A297-49C5-805A-64798206796B} = {23010D0A-E191-4D3F-942A-A07D13A28A74}
		{22412FA1-BC68-42C6-A0A5-485D28762FE9} = {6EC8C996-87DA-4A8F-A711-CA247CED8C90}
		{5D00CD58-AC6E-4ED7-B455-62771D35937F} = {6EC8C996-87DA-4A8F-A711-CA247CED8C90}
		{0174AD10-B8AE-4C61-A920-C0DA21263AED} = {6EC8C996-87DA-4A8F-A711-CA247CED8C90}
		{F1AEE8D1-6D69-40AE-8A43-5CB52519BF35} = {6F9FE23E-BCF1-4A68-94DC-F6A5BCBEA550}
	EndGlobalSection
	GlobalSection(ExtensibilityGlobals) = postSolution
		SolutionGuid = {8DF30D00-7358-4D12-BFC1-EBF7A0359D8A}
	EndGlobalSection
EndGlobal
